
Microsoft Visual Studio Solution File, Format Version 12.00
# Visual Studio 15
VisualStudioVersion = 15.0.28307.852
MinimumVisualStudioVersion = 10.0.40219.1
Project("{FAE04EC0-301F-11D3-BF4B-00C04F79EFBC}") = "GETCUSJO", "GETCUSJO\GETCUSJO.csproj", "{2992EE94-DCA1-42A7-8A6E-485598FD4365}"
EndProject
Global
	GlobalSection(SolutionConfigurationPlatforms) = preSolution
		Debug|Any CPU = Debug|Any CPU
		Release|Any CPU = Release|Any CPU
	EndGlobalSection
	GlobalSection(ProjectConfigurationPlatforms) = postSolution
		{2992EE94-DCA1-42A7-8A6E-485598FD4365}.Debug|Any CPU.ActiveCfg = Debug|Any CPU
		{2992EE94-DCA1-42A7-8A6E-485598FD4365}.Debug|Any CPU.Build.0 = Debug|Any CPU
		{2992EE94-DCA1-42A7-8A6E-485598FD4365}.Release|Any CPU.ActiveCfg = Release|Any CPU
		{2992EE94-DCA1-42A7-8A6E-485598FD4365}.Release|Any CPU.Build.0 = Release|Any CPU
	EndGlobalSection
	GlobalSection(SolutionProperties) = preSolution
		HideSolutionNode = FALSE
	EndGlobalSection
	GlobalSection(ExtensibilityGlobals) = postSolution
		SolutionGuid = {188B47B9-5EF2-47CD-9C4C-37C51FF5EA85}
	EndGlobalSection
EndGlobal
